
Microsoft Visual Studio Solution File, Format Version 12.00
# Visual Studio Version 16
VisualStudioVersion = 16.0.33027.164
MinimumVisualStudioVersion = 10.0.40219.1
Project("{FAE04EC0-301F-11D3-BF4B-00C04F79EFBC}") = "CiCd", "CiCd\CiCd.csproj", "{ED7EE9B5-89DA-4F23-BF76-678A6D4AF122}"
EndProject
Project("{FAE04EC0-301F-11D3-BF4B-00C04F79EFBC}") = "CiCdTest", "CiCdTest\CiCdTest.csproj", "{47DDD862-3576-4E50-9760-22DE512BF6C2}"
EndProject
Global
	GlobalSection(SolutionConfigurationPlatforms) = preSolution
		Debug|Any CPU = Debug|Any CPU
		Release|Any CPU = Release|Any CPU
	EndGlobalSection
	GlobalSection(ProjectConfigurationPlatforms) = postSolution
		{ED7EE9B5-89DA-4F23-BF76-678A6D4AF122}.Debug|Any CPU.ActiveCfg = Debug|Any CPU
		{ED7EE9B5-89DA-4F23-BF76-678A6D4AF122}.Debug|Any CPU.Build.0 = Debug|Any CPU
		{ED7EE9B5-89DA-4F23-BF76-678A6D4AF122}.Release|Any CPU.ActiveCfg = Release|Any CPU
		{ED7EE9B5-89DA-4F23-BF76-678A6D4AF122}.Release|Any CPU.Build.0 = Release|Any CPU
		{47DDD862-3576-4E50-9760-22DE512BF6C2}.Debug|Any CPU.ActiveCfg = Debug|Any CPU
		{47DDD862-3576-4E50-9760-22DE512BF6C2}.Debug|Any CPU.Build.0 = Debug|Any CPU
		{47DDD862-3576-4E50-9760-22DE512BF6C2}.Release|Any CPU.ActiveCfg = Release|Any CPU
		{47DDD862-3576-4E50-9760-22DE512BF6C2}.Release|Any CPU.Build.0 = Release|Any CPU
	EndGlobalSection
	GlobalSection(SolutionProperties) = preSolution
		HideSolutionNode = FALSE
	EndGlobalSection
	GlobalSection(ExtensibilityGlobals) = postSolution
		SolutionGuid = {65A22957-B1AC-449E-A01F-D93DB3104903}
	EndGlobalSection
EndGlobal
